# @generated by Move, please check-in and do not edit manually.

[move]
version = 2
manifest_digest = "DCF2F594C0C57EF6E7E7740A4854356105DAF28908AC38E08B516256B1E17231"
deps_digest = "F8BBB0CCB2491CA29A3DF03D6F92277A4F3574266507ACD77214D37ECA3F3082"
dependencies = [
  { name = "Sui" },
]

[[move.package]]
name = "MoveStdlib"
source = { git = "https://github.com/MystenLabs/sui.git", rev = "framework/testnet", subdir = "crates/sui-framework/packages/move-stdlib" }

[[move.package]]
name = "Sui"
source = { git = "https://github.com/MystenLabs/sui.git", rev = "framework/testnet", subdir = "crates/sui-framework/packages/sui-framework" }

dependencies = [
  { name = "MoveStdlib" },
]

[move.toolchain-version]
compiler-version = "1.24.0"
edition = "2024.beta"
flavor = "sui"

[env]

[env.testnet]
chain-id = "4c78adac"
original-published-id = "0x5787ef05afd003b3e0ff18844da57e1d1e12fc9d534e3fb505e42fee4f6f0bba"
latest-published-id = "0x5787ef05afd003b3e0ff18844da57e1d1e12fc9d534e3fb505e42fee4f6f0bba"
published-version = "1"
