# @generated by Move, please check-in and do not edit manually.

[move]
version = 2
manifest_digest = "8253D293F6BDE629297057618E148A5ECBB1D5C194061640306CF3C03F1947C3"
deps_digest = "F8BBB0CCB2491CA29A3DF03D6F92277A4F3574266507ACD77214D37ECA3F3082"
dependencies = [
  { name = "Sui" },
]

[[move.package]]
name = "MoveStdlib"
source = { git = "https://github.com/MystenLabs/sui.git", rev = "framework/testnet", subdir = "crates/sui-framework/packages/move-stdlib" }

[[move.package]]
name = "Sui"
source = { git = "https://github.com/MystenLabs/sui.git", rev = "framework/testnet", subdir = "crates/sui-framework/packages/sui-framework" }

dependencies = [
  { name = "MoveStdlib" },
]

[move.toolchain-version]
compiler-version = "1.24.0"
edition = "2024.beta"
flavor = "sui"

[env]

[env.testnet]
chain-id = "4c78adac"
original-published-id = "0xea994076f348031670c9c8a9fb60a15fd4f6ba258e9000ac06057d777b338a78"
latest-published-id = "0xea994076f348031670c9c8a9fb60a15fd4f6ba258e9000ac06057d777b338a78"
published-version = "1"
